
Microsoft Visual Studio Solution File, Format Version 12.00
Project("{2150E333-8FDC-42A3-9474-1A3956D46DE8}") = "src", "src", "{4F16A6F2-72C0-4880-A30C-BA91CFF36CB9}"
EndProject
Project("{FAE04EC0-301F-11D3-BF4B-00C04F79EFBC}") = "PetGuardian.API", "PetGuardian.API\PetGuardian.API.csproj", "{16FDA984-B04B-474E-BCA3-DD337A96DA6F}"
EndProject
Project("{FAE04EC0-301F-11D3-BF4B-00C04F79EFBC}") = "PetGuardian.Application", "PetGuardian.Application\PetGuardian.Application.csproj", "{AAAE69F1-7CE8-459D-A617-1BFA3E2908A7}"
EndProject
Project("{FAE04EC0-301F-11D3-BF4B-00C04F79EFBC}") = "PetGuardian.Domain", "PetGuardian.Domain\PetGuardian.Domain.csproj", "{0A679112-762B-40B8-93BC-8DCEE24BA34A}"
EndProject
Project("{FAE04EC0-301F-11D3-BF4B-00C04F79EFBC}") = "PetGuardian.Infrastructure", "PetGuardian.Infrastructure\PetGuardian.Infrastructure.csproj", "{594A7934-45BC-4E32-91DF-1D32B196D832}"
EndProject
Global
	GlobalSection(SolutionConfigurationPlatforms) = preSolution
		Debug|Any CPU = Debug|Any CPU
		Release|Any CPU = Release|Any CPU
	EndGlobalSection
	GlobalSection(ProjectConfigurationPlatforms) = postSolution
		{16FDA984-B04B-474E-BCA3-DD337A96DA6F}.Debug|Any CPU.ActiveCfg = Debug|Any CPU
		{16FDA984-B04B-474E-BCA3-DD337A96DA6F}.Debug|Any CPU.Build.0 = Debug|Any CPU
		{16FDA984-B04B-474E-BCA3-DD337A96DA6F}.Release|Any CPU.ActiveCfg = Release|Any CPU
		{16FDA984-B04B-474E-BCA3-DD337A96DA6F}.Release|Any CPU.Build.0 = Release|Any CPU
		{AAAE69F1-7CE8-459D-A617-1BFA3E2908A7}.Debug|Any CPU.ActiveCfg = Debug|Any CPU
		{AAAE69F1-7CE8-459D-A617-1BFA3E2908A7}.Debug|Any CPU.Build.0 = Debug|Any CPU
		{AAAE69F1-7CE8-459D-A617-1BFA3E2908A7}.Release|Any CPU.ActiveCfg = Release|Any CPU
		{AAAE69F1-7CE8-459D-A617-1BFA3E2908A7}.Release|Any CPU.Build.0 = Release|Any CPU
		{0A679112-762B-40B8-93BC-8DCEE24BA34A}.Debug|Any CPU.ActiveCfg = Debug|Any CPU
		{0A679112-762B-40B8-93BC-8DCEE24BA34A}.Debug|Any CPU.Build.0 = Debug|Any CPU
		{0A679112-762B-40B8-93BC-8DCEE24BA34A}.Release|Any CPU.ActiveCfg = Release|Any CPU
		{0A679112-762B-40B8-93BC-8DCEE24BA34A}.Release|Any CPU.Build.0 = Release|Any CPU
		{594A7934-45BC-4E32-91DF-1D32B196D832}.Debug|Any CPU.ActiveCfg = Debug|Any CPU
		{594A7934-45BC-4E32-91DF-1D32B196D832}.Debug|Any CPU.Build.0 = Debug|Any CPU
		{594A7934-45BC-4E32-91DF-1D32B196D832}.Release|Any CPU.ActiveCfg = Release|Any CPU
		{594A7934-45BC-4E32-91DF-1D32B196D832}.Release|Any CPU.Build.0 = Release|Any CPU
	EndGlobalSection
	GlobalSection(NestedProjects) = preSolution
		{16FDA984-B04B-474E-BCA3-DD337A96DA6F} = {4F16A6F2-72C0-4880-A30C-BA91CFF36CB9}
		{AAAE69F1-7CE8-459D-A617-1BFA3E2908A7} = {4F16A6F2-72C0-4880-A30C-BA91CFF36CB9}
		{0A679112-762B-40B8-93BC-8DCEE24BA34A} = {4F16A6F2-72C0-4880-A30C-BA91CFF36CB9}
		{594A7934-45BC-4E32-91DF-1D32B196D832} = {4F16A6F2-72C0-4880-A30C-BA91CFF36CB9}
	EndGlobalSection
EndGlobal
